
Microsoft Visual Studio Solution File, Format Version 12.00
# Visual Studio Version 17
VisualStudioVersion = 17.2.32516.85
MinimumVisualStudioVersion = 10.0.40219.1
Project("{FAE04EC0-301F-11D3-BF4B-00C04F79EFBC}") = "Phungs", "Phungs\Phungs.csproj", "{588C2E5A-BD3B-4DEE-B54E-D72500E531A8}"
EndProject
Global
	GlobalSection(SolutionConfigurationPlatforms) = preSolution
		Debug|Any CPU = Debug|Any CPU
		Release|Any CPU = Release|Any CPU
	EndGlobalSection
	GlobalSection(ProjectConfigurationPlatforms) = postSolution
		{588C2E5A-BD3B-4DEE-B54E-D72500E531A8}.Debug|Any CPU.ActiveCfg = Debug|Any CPU
		{588C2E5A-BD3B-4DEE-B54E-D72500E531A8}.Debug|Any CPU.Build.0 = Debug|Any CPU
		{588C2E5A-BD3B-4DEE-B54E-D72500E531A8}.Release|Any CPU.ActiveCfg = Release|Any CPU
		{588C2E5A-BD3B-4DEE-B54E-D72500E531A8}.Release|Any CPU.Build.0 = Release|Any CPU
	EndGlobalSection
	GlobalSection(SolutionProperties) = preSolution
		HideSolutionNode = FALSE
	EndGlobalSection
	GlobalSection(ExtensibilityGlobals) = postSolution
		SolutionGuid = {816ACA71-243D-4377-8BAA-7F7DBD3AFB09}
	EndGlobalSection
EndGlobal
